// !$*UTF8*$!
{
	archiveVersion = 1;
	classes = {
	};
	objectVersion = 56;
	objects = {

/* Begin PBXBuildFile section */
		FEDFF6702C1FFDDC00646409 /* MarkdownRenderable.swift in Sources */ = {isa = PBXBuildFile; fileRef = FEDFF66F2C1FFDDC00646409 /* MarkdownRenderable.swift */; };
		FEDFF6722C1FFE2E00646409 /* MarkdownStyleable.swift in Sources */ = {isa = PBXBuildFile; fileRef = FEDFF6712C1FFE2E00646409 /* MarkdownStyleable.swift */; };
		FEDFF6742C1FFE5400646409 /* MarkdownConfigurable.swift in Sources */ = {isa = PBXBuildFile; fileRef = FEDFF6732C1FFE5400646409 /* MarkdownConfigurable.swift */; };
		FEDFF6762C1FFF4800646409 /* MarkdownTextView.swift in Sources */ = {isa = PBXBuildFile; fileRef = FEDFF6752C1FFF4800646409 /* MarkdownTextView.swift */; };
		FEDFF6782C2000A500646409 /* MarkdownLabel.swift in Sources */ = {isa = PBXBuildFile; fileRef = FEDFF6772C2000A500646409 /* MarkdownLabel.swift */; };
		FEDFF67A2C20018200646409 /* MarkdownWebView.swift in Sources */ = {isa = PBXBuildFile; fileRef = FEDFF6792C20018200646409 /* MarkdownWebView.swift */; };
		FEDFF67C2C20020600646409 /* MarkdownEditor.swift in Sources */ = {isa = PBXBuildFile; fileRef = FEDFF67B2C20020600646409 /* MarkdownEditor.swift */; };
		FEDFF67E2C20041500646409 /* MarkdownImageView.swift in Sources */ = {isa = PBXBuildFile; fileRef = FEDFF67D2C20041500646409 /* MarkdownImageView.swift */; };
		FEDFF6802C20055900646409 /* MarkdownHeaderRenderer.swift in Sources */ = {isa = PBXBuildFile; fileRef = FEDFF67F2C20055900646409 /* MarkdownHeaderRenderer.swift */; };
		FEDFF6822C2005C100646409 /* MarkdownListRenderer.swift in Sources */ = {isa = PBXBuildFile; fileRef = FEDFF6812C2005C100646409 /* MarkdownListRenderer.swift */; };
		FEDFF6842C20061B00646409 /* MarkdownCodeDemo.swift in Sources */ = {isa = PBXBuildFile; fileRef = FEDFF6832C20061B00646409 /* MarkdownCodeDemo.swift */; };
		FEDFF6862C20064F00646409 /* MarkdownLinkRender.swift in Sources */ = {isa = PBXBuildFile; fileRef = FEDFF6852C20064F00646409 /* MarkdownLinkRender.swift */; };
		FEDFF6882C20074F00646409 /* MarkdownCodeBlock.swift in Sources */ = {isa = PBXBuildFile; fileRef = FEDFF6872C20074F00646409 /* MarkdownCodeBlock.swift */; };
		FEDFF68A2C20079100646409 /* MarkdownQuoteDemo.swift in Sources */ = {isa = PBXBuildFile; fileRef = FEDFF6892C20079100646409 /* MarkdownQuoteDemo.swift */; };
		FEDFF68C2C2007F300646409 /* MarkdownListView.swift in Sources */ = {isa = PBXBuildFile; fileRef = FEDFF68B2C2007F300646409 /* MarkdownListView.swift */; };
		FEDFF68E2C20083800646409 /* MarkdownParagraphDemo.swift in Sources */ = {isa = PBXBuildFile; fileRef = FEDFF68D2C20083800646409 /* MarkdownParagraphDemo.swift */; };
		FEDFF6902C20086900646409 /* MarkdownHorizontalRuleRenderer.swift in Sources */ = {isa = PBXBuildFile; fileRef = FEDFF68F2C20086900646409 /* MarkdownHorizontalRuleRenderer.swift */; };
		FEDFF6922C2008A800646409 /* MarkdownCode.swift in Sources */ = {isa = PBXBuildFile; fileRef = FEDFF6912C2008A800646409 /* MarkdownCode.swift */; };
		FEDFF6942C20097000646409 /* MarkdownBlockQuote.swift in Sources */ = {isa = PBXBuildFile; fileRef = FEDFF6932C20097000646409 /* MarkdownBlockQuote.swift */; };
		FEDFF6962C20099300646409 /* MarkdownBlockCode.swift in Sources */ = {isa = PBXBuildFile; fileRef = FEDFF6952C20099300646409 /* MarkdownBlockCode.swift */; };
		FEDFF6982C200AB800646409 /* MarkdownTableView.swift in Sources */ = {isa = PBXBuildFile; fileRef = FEDFF6972C200AB800646409 /* MarkdownTableView.swift */; };
		FEDFF69A2C200DE800646409 /* MarkdownParser.swift in Sources */ = {isa = PBXBuildFile; fileRef = FEDFF6992C200DE800646409 /* MarkdownParser.swift */; };
		FEDFF69E2C200E4800646409 /* MarkdownParagraph.swift in Sources */ = {isa = PBXBuildFile; fileRef = FEDFF69D2C200E4800646409 /* MarkdownParagraph.swift */; };
		FEDFF6A02C200F8400646409 /* MarkdownQuote.swift in Sources */ = {isa = PBXBuildFile; fileRef = FEDFF69F2C200F8400646409 /* MarkdownQuote.swift */; };
		FEDFF6A22C20122800646409 /* Markdown.swift in Sources */ = {isa = PBXBuildFile; fileRef = FEDFF6A12C20122800646409 /* Markdown.swift */; };
		FEDFF6A42C201D6900646409 /* MarkdownSentence.swift in Sources */ = {isa = PBXBuildFile; fileRef = FEDFF6A32C201D6900646409 /* MarkdownSentence.swift */; };
		FEDFF6A62C201E2800646409 /* MarkdownAdjective.swift in Sources */ = {isa = PBXBuildFile; fileRef = FEDFF6A52C201E2800646409 /* MarkdownAdjective.swift */; };
		FEDFF6A92C201ED800646409 /* MarkdownNoun.swift in Sources */ = {isa = PBXBuildFile; fileRef = FEDFF6A82C201ED800646409 /* MarkdownNoun.swift */; };
		FEDFF6AB2C201EE600646409 /* MarkdownVerb.swift in Sources */ = {isa = PBXBuildFile; fileRef = FEDFF6AA2C201EE600646409 /* MarkdownVerb.swift */; };
		FEDFF6AD2C2023FB00646409 /* TextEditor.swift in Sources */ = {isa = PBXBuildFile; fileRef = FEDFF6AC2C2023FB00646409 /* TextEditor.swift */; };
		FEE2B1752C1FBBE600B4C4B5 /* MarkdownMadnessApp.swift in Sources */ = {isa = PBXBuildFile; fileRef = FEE2B1742C1FBBE600B4C4B5 /* MarkdownMadnessApp.swift */; };
		FEE2B1772C1FBBE600B4C4B5 /* Persistence.swift in Sources */ = {isa = PBXBuildFile; fileRef = FEE2B1762C1FBBE600B4C4B5 /* Persistence.swift */; };
		FEE2B17A2C1FBBE600B4C4B5 /* MarkdownMadness.xcdatamodeld in Sources */ = {isa = PBXBuildFile; fileRef = FEE2B1782C1FBBE600B4C4B5 /* MarkdownMadness.xcdatamodeld */; };
		FEE2B17C2C1FBBE600B4C4B5 /* ContentView.swift in Sources */ = {isa = PBXBuildFile; fileRef = FEE2B17B2C1FBBE600B4C4B5 /* ContentView.swift */; };
		FEE2B17E2C1FBBE700B4C4B5 /* Assets.xcassets in Resources */ = {isa = PBXBuildFile; fileRef = FEE2B17D2C1FBBE700B4C4B5 /* Assets.xcassets */; };
		FEE2B1822C1FBBE700B4C4B5 /* Preview Assets.xcassets in Resources */ = {isa = PBXBuildFile; fileRef = FEE2B1812C1FBBE700B4C4B5 /* Preview Assets.xcassets */; };
		FEE2B18C2C1FBBE800B4C4B5 /* MarkdownMadnessTests.swift in Sources */ = {isa = PBXBuildFile; fileRef = FEE2B18B2C1FBBE800B4C4B5 /* MarkdownMadnessTests.swift */; };
		FEE2B1962C1FBBE800B4C4B5 /* MarkdownMadnessUITests.swift in Sources */ = {isa = PBXBuildFile; fileRef = FEE2B1952C1FBBE800B4C4B5 /* MarkdownMadnessUITests.swift */; };
		FEE2B1982C1FBBE800B4C4B5 /* MarkdownMadnessUITestsLaunchTests.swift in Sources */ = {isa = PBXBuildFile; fileRef = FEE2B1972C1FBBE800B4C4B5 /* MarkdownMadnessUITestsLaunchTests.swift */; };
		FEE2B1A62C1FBD3800B4C4B5 /* Converting Documents.docc in Sources */ = {isa = PBXBuildFile; fileRef = FEE2B1A52C1FBD3800B4C4B5 /* Converting Documents.docc */; };
/* End PBXBuildFile section */

/* Begin PBXContainerItemProxy section */
		FEE2B1882C1FBBE800B4C4B5 /* PBXContainerItemProxy */ = {
			isa = PBXContainerItemProxy;
			containerPortal = FEE2B1692C1FBBE600B4C4B5 /* Project object */;
			proxyType = 1;
			remoteGlobalIDString = FEE2B1702C1FBBE600B4C4B5;
			remoteInfo = MarkdownMadness;
		};
		FEE2B1922C1FBBE800B4C4B5 /* PBXContainerItemProxy */ = {
			isa = PBXContainerItemProxy;
			containerPortal = FEE2B1692C1FBBE600B4C4B5 /* Project object */;
			proxyType = 1;
			remoteGlobalIDString = FEE2B1702C1FBBE600B4C4B5;
			remoteInfo = MarkdownMadness;
		};
/* End PBXContainerItemProxy section */

/* Begin PBXFileReference section */
		FEDFF66F2C1FFDDC00646409 /* MarkdownRenderable.swift */ = {isa = PBXFileReference; lastKnownFileType = sourcecode.swift; path = MarkdownRenderable.swift; sourceTree = "<group>"; };
		FEDFF6712C1FFE2E00646409 /* MarkdownStyleable.swift */ = {isa = PBXFileReference; lastKnownFileType = sourcecode.swift; path = MarkdownStyleable.swift; sourceTree = "<group>"; };
		FEDFF6732C1FFE5400646409 /* MarkdownConfigurable.swift */ = {isa = PBXFileReference; lastKnownFileType = sourcecode.swift; path = MarkdownConfigurable.swift; sourceTree = "<group>"; };
		FEDFF6752C1FFF4800646409 /* MarkdownTextView.swift */ = {isa = PBXFileReference; lastKnownFileType = sourcecode.swift; path = MarkdownTextView.swift; sourceTree = "<group>"; };
		FEDFF6772C2000A500646409 /* MarkdownLabel.swift */ = {isa = PBXFileReference; lastKnownFileType = sourcecode.swift; path = MarkdownLabel.swift; sourceTree = "<group>"; };
		FEDFF6792C20018200646409 /* MarkdownWebView.swift */ = {isa = PBXFileReference; lastKnownFileType = sourcecode.swift; path = MarkdownWebView.swift; sourceTree = "<group>"; };
		FEDFF67B2C20020600646409 /* MarkdownEditor.swift */ = {isa = PBXFileReference; lastKnownFileType = sourcecode.swift; path = MarkdownEditor.swift; sourceTree = "<group>"; };
		FEDFF67D2C20041500646409 /* MarkdownImageView.swift */ = {isa = PBXFileReference; lastKnownFileType = sourcecode.swift; path = MarkdownImageView.swift; sourceTree = "<group>"; };
		FEDFF67F2C20055900646409 /* MarkdownHeaderRenderer.swift */ = {isa = PBXFileReference; lastKnownFileType = sourcecode.swift; path = MarkdownHeaderRenderer.swift; sourceTree = "<group>"; };
		FEDFF6812C2005C100646409 /* MarkdownListRenderer.swift */ = {isa = PBXFileReference; lastKnownFileType = sourcecode.swift; path = MarkdownListRenderer.swift; sourceTree = "<group>"; };
		FEDFF6832C20061B00646409 /* MarkdownCodeDemo.swift */ = {isa = PBXFileReference; lastKnownFileType = sourcecode.swift; path = MarkdownCodeDemo.swift; sourceTree = "<group>"; };
		FEDFF6852C20064F00646409 /* MarkdownLinkRender.swift */ = {isa = PBXFileReference; lastKnownFileType = sourcecode.swift; path = MarkdownLinkRender.swift; sourceTree = "<group>"; };
		FEDFF6872C20074F00646409 /* MarkdownCodeBlock.swift */ = {isa = PBXFileReference; lastKnownFileType = sourcecode.swift; path = MarkdownCodeBlock.swift; sourceTree = "<group>"; };
		FEDFF6892C20079100646409 /* MarkdownQuoteDemo.swift */ = {isa = PBXFileReference; lastKnownFileType = sourcecode.swift; path = MarkdownQuoteDemo.swift; sourceTree = "<group>"; };
		FEDFF68B2C2007F300646409 /* MarkdownListView.swift */ = {isa = PBXFileReference; lastKnownFileType = sourcecode.swift; path = MarkdownListView.swift; sourceTree = "<group>"; };
		FEDFF68D2C20083800646409 /* MarkdownParagraphDemo.swift */ = {isa = PBXFileReference; lastKnownFileType = sourcecode.swift; path = MarkdownParagraphDemo.swift; sourceTree = "<group>"; };
		FEDFF68F2C20086900646409 /* MarkdownHorizontalRuleRenderer.swift */ = {isa = PBXFileReference; lastKnownFileType = sourcecode.swift; path = MarkdownHorizontalRuleRenderer.swift; sourceTree = "<group>"; };
		FEDFF6912C2008A800646409 /* MarkdownCode.swift */ = {isa = PBXFileReference; lastKnownFileType = sourcecode.swift; path = MarkdownCode.swift; sourceTree = "<group>"; };
		FEDFF6932C20097000646409 /* MarkdownBlockQuote.swift */ = {isa = PBXFileReference; lastKnownFileType = sourcecode.swift; path = MarkdownBlockQuote.swift; sourceTree = "<group>"; };
		FEDFF6952C20099300646409 /* MarkdownBlockCode.swift */ = {isa = PBXFileReference; lastKnownFileType = sourcecode.swift; path = MarkdownBlockCode.swift; sourceTree = "<group>"; };
		FEDFF6972C200AB800646409 /* MarkdownTableView.swift */ = {isa = PBXFileReference; lastKnownFileType = sourcecode.swift; path = MarkdownTableView.swift; sourceTree = "<group>"; };
		FEDFF6992C200DE800646409 /* MarkdownParser.swift */ = {isa = PBXFileReference; lastKnownFileType = sourcecode.swift; path = MarkdownParser.swift; sourceTree = "<group>"; };
		FEDFF69D2C200E4800646409 /* MarkdownParagraph.swift */ = {isa = PBXFileReference; lastKnownFileType = sourcecode.swift; path = MarkdownParagraph.swift; sourceTree = "<group>"; };
		FEDFF69F2C200F8400646409 /* MarkdownQuote.swift */ = {isa = PBXFileReference; lastKnownFileType = sourcecode.swift; path = MarkdownQuote.swift; sourceTree = "<group>"; };
		FEDFF6A12C20122800646409 /* Markdown.swift */ = {isa = PBXFileReference; lastKnownFileType = sourcecode.swift; path = Markdown.swift; sourceTree = "<group>"; };
		FEDFF6A32C201D6900646409 /* MarkdownSentence.swift */ = {isa = PBXFileReference; lastKnownFileType = sourcecode.swift; path = MarkdownSentence.swift; sourceTree = "<group>"; };
		FEDFF6A52C201E2800646409 /* MarkdownAdjective.swift */ = {isa = PBXFileReference; lastKnownFileType = sourcecode.swift; path = MarkdownAdjective.swift; sourceTree = "<group>"; };
		FEDFF6A82C201ED800646409 /* MarkdownNoun.swift */ = {isa = PBXFileReference; lastKnownFileType = sourcecode.swift; path = MarkdownNoun.swift; sourceTree = "<group>"; };
		FEDFF6AA2C201EE600646409 /* MarkdownVerb.swift */ = {isa = PBXFileReference; lastKnownFileType = sourcecode.swift; path = MarkdownVerb.swift; sourceTree = "<group>"; };
		FEDFF6AC2C2023FB00646409 /* TextEditor.swift */ = {isa = PBXFileReference; lastKnownFileType = sourcecode.swift; path = TextEditor.swift; sourceTree = "<group>"; };
		FEE2B1712C1FBBE600B4C4B5 /* MarkdownMadness.app */ = {isa = PBXFileReference; explicitFileType = wrapper.application; includeInIndex = 0; path = MarkdownMadness.app; sourceTree = BUILT_PRODUCTS_DIR; };
		FEE2B1742C1FBBE600B4C4B5 /* MarkdownMadnessApp.swift */ = {isa = PBXFileReference; lastKnownFileType = sourcecode.swift; path = MarkdownMadnessApp.swift; sourceTree = "<group>"; };
		FEE2B1762C1FBBE600B4C4B5 /* Persistence.swift */ = {isa = PBXFileReference; lastKnownFileType = sourcecode.swift; path = Persistence.swift; sourceTree = "<group>"; };
		FEE2B1792C1FBBE600B4C4B5 /* MarkdownMadness.xcdatamodel */ = {isa = PBXFileReference; lastKnownFileType = wrapper.xcdatamodel; path = MarkdownMadness.xcdatamodel; sourceTree = "<group>"; };
		FEE2B17B2C1FBBE600B4C4B5 /* ContentView.swift */ = {isa = PBXFileReference; lastKnownFileType = sourcecode.swift; path = ContentView.swift; sourceTree = "<group>"; };
		FEE2B17D2C1FBBE700B4C4B5 /* Assets.xcassets */ = {isa = PBXFileReference; lastKnownFileType = folder.assetcatalog; path = Assets.xcassets; sourceTree = "<group>"; };
		FEE2B17F2C1FBBE700B4C4B5 /* MarkdownMadness.entitlements */ = {isa = PBXFileReference; lastKnownFileType = text.plist.entitlements; path = MarkdownMadness.entitlements; sourceTree = "<group>"; };
		FEE2B1812C1FBBE700B4C4B5 /* Preview Assets.xcassets */ = {isa = PBXFileReference; lastKnownFileType = folder.assetcatalog; path = "Preview Assets.xcassets"; sourceTree = "<group>"; };
		FEE2B1872C1FBBE800B4C4B5 /* MarkdownMadnessTests.xctest */ = {isa = PBXFileReference; explicitFileType = wrapper.cfbundle; includeInIndex = 0; path = MarkdownMadnessTests.xctest; sourceTree = BUILT_PRODUCTS_DIR; };
		FEE2B18B2C1FBBE800B4C4B5 /* MarkdownMadnessTests.swift */ = {isa = PBXFileReference; lastKnownFileType = sourcecode.swift; path = MarkdownMadnessTests.swift; sourceTree = "<group>"; };
		FEE2B1912C1FBBE800B4C4B5 /* MarkdownMadnessUITests.xctest */ = {isa = PBXFileReference; explicitFileType = wrapper.cfbundle; includeInIndex = 0; path = MarkdownMadnessUITests.xctest; sourceTree = BUILT_PRODUCTS_DIR; };
		FEE2B1952C1FBBE800B4C4B5 /* MarkdownMadnessUITests.swift */ = {isa = PBXFileReference; lastKnownFileType = sourcecode.swift; path = MarkdownMadnessUITests.swift; sourceTree = "<group>"; };
		FEE2B1972C1FBBE800B4C4B5 /* MarkdownMadnessUITestsLaunchTests.swift */ = {isa = PBXFileReference; lastKnownFileType = sourcecode.swift; path = MarkdownMadnessUITestsLaunchTests.swift; sourceTree = "<group>"; };
		FEE2B1A52C1FBD3800B4C4B5 /* Converting Documents.docc */ = {isa = PBXFileReference; lastKnownFileType = folder.documentationcatalog; path = "Converting Documents.docc"; sourceTree = "<group>"; };
/* End PBXFileReference section */

/* Begin PBXFrameworksBuildPhase section */
		FEE2B16E2C1FBBE600B4C4B5 /* Frameworks */ = {
			isa = PBXFrameworksBuildPhase;
			buildActionMask = 2147483647;
			files = (
			);
			runOnlyForDeploymentPostprocessing = 0;
		};
		FEE2B1842C1FBBE800B4C4B5 /* Frameworks */ = {
			isa = PBXFrameworksBuildPhase;
			buildActionMask = 2147483647;
			files = (
			);
			runOnlyForDeploymentPostprocessing = 0;
		};
		FEE2B18E2C1FBBE800B4C4B5 /* Frameworks */ = {
			isa = PBXFrameworksBuildPhase;
			buildActionMask = 2147483647;
			files = (
			);
			runOnlyForDeploymentPostprocessing = 0;
		};
/* End PBXFrameworksBuildPhase section */

/* Begin PBXGroup section */
		FEDFF6A72C201E9400646409 /* CoreData */ = {
			isa = PBXGroup;
			children = (
				FEE2B1782C1FBBE600B4C4B5 /* MarkdownMadness.xcdatamodeld */,
				FEE2B1762C1FBBE600B4C4B5 /* Persistence.swift */,
			);
			path = CoreData;
			sourceTree = "<group>";
		};
		FEE2B1682C1FBBE600B4C4B5 = {
			isa = PBXGroup;
			children = (
				FEE2B1732C1FBBE600B4C4B5 /* MarkdownMadness */,
				FEE2B1722C1FBBE600B4C4B5 /* Products */,
			);
			sourceTree = "<group>";
		};
		FEE2B1722C1FBBE600B4C4B5 /* Products */ = {
			isa = PBXGroup;
			children = (
				FEE2B1712C1FBBE600B4C4B5 /* MarkdownMadness.app */,
				FEE2B1872C1FBBE800B4C4B5 /* MarkdownMadnessTests.xctest */,
				FEE2B1912C1FBBE800B4C4B5 /* MarkdownMadnessUITests.xctest */,
			);
			name = Products;
			sourceTree = "<group>";
		};
		FEE2B1732C1FBBE600B4C4B5 /* MarkdownMadness */ = {
			isa = PBXGroup;
			children = (
				FEE2B1A42C1FBC8300B4C4B5 /* Documentation */,
				FEE2B1742C1FBBE600B4C4B5 /* MarkdownMadnessApp.swift */,
				FEE2B17B2C1FBBE600B4C4B5 /* ContentView.swift */,
				FEDFF66F2C1FFDDC00646409 /* MarkdownRenderable.swift */,
				FEDFF6712C1FFE2E00646409 /* MarkdownStyleable.swift */,
				FEDFF6732C1FFE5400646409 /* MarkdownConfigurable.swift */,
				FEDFF6972C200AB800646409 /* MarkdownTableView.swift */,
				FEDFF6932C20097000646409 /* MarkdownBlockQuote.swift */,
				FEDFF6952C20099300646409 /* MarkdownBlockCode.swift */,
				FEDFF6752C1FFF4800646409 /* MarkdownTextView.swift */,
				FEDFF6772C2000A500646409 /* MarkdownLabel.swift */,
				FEDFF6792C20018200646409 /* MarkdownWebView.swift */,
				FEDFF67B2C20020600646409 /* MarkdownEditor.swift */,
				FEDFF6AC2C2023FB00646409 /* TextEditor.swift */,
				FEDFF67D2C20041500646409 /* MarkdownImageView.swift */,
				FEDFF67F2C20055900646409 /* MarkdownHeaderRenderer.swift */,
				FEDFF6812C2005C100646409 /* MarkdownListRenderer.swift */,
				FEDFF6832C20061B00646409 /* MarkdownCodeDemo.swift */,
				FEDFF6852C20064F00646409 /* MarkdownLinkRender.swift */,
				FEDFF6AA2C201EE600646409 /* MarkdownVerb.swift */,
				FEDFF6912C2008A800646409 /* MarkdownCode.swift */,
				FEDFF68B2C2007F300646409 /* MarkdownListView.swift */,
				FEDFF68D2C20083800646409 /* MarkdownParagraphDemo.swift */,
				FEDFF6A12C20122800646409 /* Markdown.swift */,
				FEDFF6992C200DE800646409 /* MarkdownParser.swift */,
				FEDFF69D2C200E4800646409 /* MarkdownParagraph.swift */,
				FEDFF6A82C201ED800646409 /* MarkdownNoun.swift */,
				FEDFF6A32C201D6900646409 /* MarkdownSentence.swift */,
				FEDFF69F2C200F8400646409 /* MarkdownQuote.swift */,
				FEDFF68F2C20086900646409 /* MarkdownHorizontalRuleRenderer.swift */,
				FEDFF6872C20074F00646409 /* MarkdownCodeBlock.swift */,
				FEDFF6892C20079100646409 /* MarkdownQuoteDemo.swift */,
				FEE2B17D2C1FBBE700B4C4B5 /* Assets.xcassets */,
				FEE2B17F2C1FBBE700B4C4B5 /* MarkdownMadness.entitlements */,
				FEE2B1942C1FBBE800B4C4B5 /* MarkdownMadnessUITests */,
				FEE2B18A2C1FBBE800B4C4B5 /* MarkdownMadnessTests */,
				FEE2B1802C1FBBE700B4C4B5 /* Preview Content */,
				FEDFF6A72C201E9400646409 /* CoreData */,
			);
			path = MarkdownMadness;
			sourceTree = "<group>";
		};
		FEE2B1802C1FBBE700B4C4B5 /* Preview Content */ = {
			isa = PBXGroup;
			children = (
				FEE2B1812C1FBBE700B4C4B5 /* Preview Assets.xcassets */,
			);
			path = "Preview Content";
			sourceTree = "<group>";
		};
		FEE2B18A2C1FBBE800B4C4B5 /* MarkdownMadnessTests */ = {
			isa = PBXGroup;
			children = (
				FEE2B18B2C1FBBE800B4C4B5 /* MarkdownMadnessTests.swift */,
			);
			path = MarkdownMadnessTests;
			sourceTree = "<group>";
		};
		FEE2B1942C1FBBE800B4C4B5 /* MarkdownMadnessUITests */ = {
			isa = PBXGroup;
			children = (
				FEE2B1952C1FBBE800B4C4B5 /* MarkdownMadnessUITests.swift */,
				FEE2B1972C1FBBE800B4C4B5 /* MarkdownMadnessUITestsLaunchTests.swift */,
			);
			path = MarkdownMadnessUITests;
			sourceTree = "<group>";
		};
		FEE2B1A42C1FBC8300B4C4B5 /* Documentation */ = {
			isa = PBXGroup;
			children = (
				FEDFF6A52C201E2800646409 /* MarkdownAdjective.swift */,
				FEE2B1A52C1FBD3800B4C4B5 /* Converting Documents.docc */,
			);
			path = Documentation;
			sourceTree = "<group>";
		};
/* End PBXGroup section */

/* Begin PBXNativeTarget section */
		FEE2B1702C1FBBE600B4C4B5 /* MarkdownMadness */ = {
			isa = PBXNativeTarget;
			buildConfigurationList = FEE2B19B2C1FBBE800B4C4B5 /* Build configuration list for PBXNativeTarget "MarkdownMadness" */;
			buildPhases = (
				FEE2B16D2C1FBBE600B4C4B5 /* Sources */,
				FEE2B16E2C1FBBE600B4C4B5 /* Frameworks */,
				FEE2B16F2C1FBBE600B4C4B5 /* Resources */,
			);
			buildRules = (
			);
			dependencies = (
			);
			name = MarkdownMadness;
			productName = MarkdownMadness;
			productReference = FEE2B1712C1FBBE600B4C4B5 /* MarkdownMadness.app */;
			productType = "com.apple.product-type.application";
		};
		FEE2B1862C1FBBE800B4C4B5 /* MarkdownMadnessTests */ = {
			isa = PBXNativeTarget;
			buildConfigurationList = FEE2B19E2C1FBBE800B4C4B5 /* Build configuration list for PBXNativeTarget "MarkdownMadnessTests" */;
			buildPhases = (
				FEE2B1832C1FBBE800B4C4B5 /* Sources */,
				FEE2B1842C1FBBE800B4C4B5 /* Frameworks */,
				FEE2B1852C1FBBE800B4C4B5 /* Resources */,
			);
			buildRules = (
			);
			dependencies = (
				FEE2B1892C1FBBE800B4C4B5 /* PBXTargetDependency */,
			);
			name = MarkdownMadnessTests;
			productName = MarkdownMadnessTests;
			productReference = FEE2B1872C1FBBE800B4C4B5 /* MarkdownMadnessTests.xctest */;
			productType = "com.apple.product-type.bundle.unit-test";
		};
		FEE2B1902C1FBBE800B4C4B5 /* MarkdownMadnessUITests */ = {
			isa = PBXNativeTarget;
			buildConfigurationList = FEE2B1A12C1FBBE800B4C4B5 /* Build configuration list for PBXNativeTarget "MarkdownMadnessUITests" */;
			buildPhases = (
				FEE2B18D2C1FBBE800B4C4B5 /* Sources */,
				FEE2B18E2C1FBBE800B4C4B5 /* Frameworks */,
				FEE2B18F2C1FBBE800B4C4B5 /* Resources */,
			);
			buildRules = (
			);
			dependencies = (
				FEE2B1932C1FBBE800B4C4B5 /* PBXTargetDependency */,
			);
			name = MarkdownMadnessUITests;
			productName = MarkdownMadnessUITests;
			productReference = FEE2B1912C1FBBE800B4C4B5 /* MarkdownMadnessUITests.xctest */;
			productType = "com.apple.product-type.bundle.ui-testing";
		};
/* End PBXNativeTarget section */

/* Begin PBXProject section */
		FEE2B1692C1FBBE600B4C4B5 /* Project object */ = {
			isa = PBXProject;
			attributes = {
				BuildIndependentTargetsInParallel = 1;
				LastSwiftUpdateCheck = 1540;
				LastUpgradeCheck = 1540;
				TargetAttributes = {
					FEE2B1702C1FBBE600B4C4B5 = {
						CreatedOnToolsVersion = 15.4;
					};
					FEE2B1862C1FBBE800B4C4B5 = {
						CreatedOnToolsVersion = 15.4;
						TestTargetID = FEE2B1702C1FBBE600B4C4B5;
					};
					FEE2B1902C1FBBE800B4C4B5 = {
						CreatedOnToolsVersion = 15.4;
						TestTargetID = FEE2B1702C1FBBE600B4C4B5;
					};
				};
			};
			buildConfigurationList = FEE2B16C2C1FBBE600B4C4B5 /* Build configuration list for PBXProject "MarkdownMadness" */;
			compatibilityVersion = "Xcode 14.0";
			developmentRegion = en;
			hasScannedForEncodings = 0;
			knownRegions = (
				en,
				Base,
			);
			mainGroup = FEE2B1682C1FBBE600B4C4B5;
			productRefGroup = FEE2B1722C1FBBE600B4C4B5 /* Products */;
			projectDirPath = "";
			projectRoot = "";
			targets = (
				FEE2B1702C1FBBE600B4C4B5 /* MarkdownMadness */,
				FEE2B1862C1FBBE800B4C4B5 /* MarkdownMadnessTests */,
				FEE2B1902C1FBBE800B4C4B5 /* MarkdownMadnessUITests */,
			);
		};
/* End PBXProject section */

/* Begin PBXResourcesBuildPhase section */
		FEE2B16F2C1FBBE600B4C4B5 /* Resources */ = {
			isa = PBXResourcesBuildPhase;
			buildActionMask = 2147483647;
			files = (
				FEE2B1822C1FBBE700B4C4B5 /* Preview Assets.xcassets in Resources */,
				FEE2B17E2C1FBBE700B4C4B5 /* Assets.xcassets in Resources */,
			);
			runOnlyForDeploymentPostprocessing = 0;
		};
		FEE2B1852C1FBBE800B4C4B5 /* Resources */ = {
			isa = PBXResourcesBuildPhase;
			buildActionMask = 2147483647;
			files = (
			);
			runOnlyForDeploymentPostprocessing = 0;
		};
		FEE2B18F2C1FBBE800B4C4B5 /* Resources */ = {
			isa = PBXResourcesBuildPhase;
			buildActionMask = 2147483647;
			files = (
			);
			runOnlyForDeploymentPostprocessing = 0;
		};
/* End PBXResourcesBuildPhase section */

/* Begin PBXSourcesBuildPhase section */
		FEE2B16D2C1FBBE600B4C4B5 /* Sources */ = {
			isa = PBXSourcesBuildPhase;
			buildActionMask = 2147483647;
			files = (
				FEDFF67A2C20018200646409 /* MarkdownWebView.swift in Sources */,
				FEDFF67C2C20020600646409 /* MarkdownEditor.swift in Sources */,
				FEDFF6762C1FFF4800646409 /* MarkdownTextView.swift in Sources */,
				FEDFF6882C20074F00646409 /* MarkdownCodeBlock.swift in Sources */,
				FEDFF6A62C201E2800646409 /* MarkdownAdjective.swift in Sources */,
				FEDFF6782C2000A500646409 /* MarkdownLabel.swift in Sources */,
				FEDFF69A2C200DE800646409 /* MarkdownParser.swift in Sources */,
				FEDFF6982C200AB800646409 /* MarkdownTableView.swift in Sources */,
				FEDFF6842C20061B00646409 /* MarkdownCodeDemo.swift in Sources */,
				FEDFF67E2C20041500646409 /* MarkdownImageView.swift in Sources */,
				FEDFF6A02C200F8400646409 /* MarkdownQuote.swift in Sources */,
				FEDFF6942C20097000646409 /* MarkdownBlockQuote.swift in Sources */,
				FEE2B1A62C1FBD3800B4C4B5 /* Converting Documents.docc in Sources */,
				FEDFF6A42C201D6900646409 /* MarkdownSentence.swift in Sources */,
				FEE2B1752C1FBBE600B4C4B5 /* MarkdownMadnessApp.swift in Sources */,
				FEDFF69E2C200E4800646409 /* MarkdownParagraph.swift in Sources */,
				FEE2B17A2C1FBBE600B4C4B5 /* MarkdownMadness.xcdatamodeld in Sources */,
				FEDFF6962C20099300646409 /* MarkdownBlockCode.swift in Sources */,
				FEDFF6702C1FFDDC00646409 /* MarkdownRenderable.swift in Sources */,
				FEDFF68C2C2007F300646409 /* MarkdownListView.swift in Sources */,
				FEDFF6722C1FFE2E00646409 /* MarkdownStyleable.swift in Sources */,
				FEDFF6AB2C201EE600646409 /* MarkdownVerb.swift in Sources */,
				FEDFF6AD2C2023FB00646409 /* TextEditor.swift in Sources */,
				FEDFF6802C20055900646409 /* MarkdownHeaderRenderer.swift in Sources */,
				FEDFF68A2C20079100646409 /* MarkdownQuoteDemo.swift in Sources */,
				FEDFF6922C2008A800646409 /* MarkdownCode.swift in Sources */,
				FEDFF6A92C201ED800646409 /* MarkdownNoun.swift in Sources */,
				FEDFF68E2C20083800646409 /* MarkdownParagraphDemo.swift in Sources */,
				FEDFF6862C20064F00646409 /* MarkdownLinkRender.swift in Sources */,
				FEDFF6902C20086900646409 /* MarkdownHorizontalRuleRenderer.swift in Sources */,
				FEE2B17C2C1FBBE600B4C4B5 /* ContentView.swift in Sources */,
				FEDFF6822C2005C100646409 /* MarkdownListRenderer.swift in Sources */,
				FEDFF6A22C20122800646409 /* Markdown.swift in Sources */,
				FEDFF6742C1FFE5400646409 /* MarkdownConfigurable.swift in Sources */,
				FEE2B1772C1FBBE600B4C4B5 /* Persistence.swift in Sources */,
			);
			runOnlyForDeploymentPostprocessing = 0;
		};
		FEE2B1832C1FBBE800B4C4B5 /* Sources */ = {
			isa = PBXSourcesBuildPhase;
			buildActionMask = 2147483647;
			files = (
				FEE2B18C2C1FBBE800B4C4B5 /* MarkdownMadnessTests.swift in Sources */,
			);
			runOnlyForDeploymentPostprocessing = 0;
		};
		FEE2B18D2C1FBBE800B4C4B5 /* Sources */ = {
			isa = PBXSourcesBuildPhase;
			buildActionMask = 2147483647;
			files = (
				FEE2B1962C1FBBE800B4C4B5 /* MarkdownMadnessUITests.swift in Sources */,
				FEE2B1982C1FBBE800B4C4B5 /* MarkdownMadnessUITestsLaunchTests.swift in Sources */,
			);
			runOnlyForDeploymentPostprocessing = 0;
		};
/* End PBXSourcesBuildPhase section */

/* Begin PBXTargetDependency section */
		FEE2B1892C1FBBE800B4C4B5 /* PBXTargetDependency */ = {
			isa = PBXTargetDependency;
			target = FEE2B1702C1FBBE600B4C4B5 /* MarkdownMadness */;
			targetProxy = FEE2B1882C1FBBE800B4C4B5 /* PBXContainerItemProxy */;
		};
		FEE2B1932C1FBBE800B4C4B5 /* PBXTargetDependency */ = {
			isa = PBXTargetDependency;
			target = FEE2B1702C1FBBE600B4C4B5 /* MarkdownMadness */;
			targetProxy = FEE2B1922C1FBBE800B4C4B5 /* PBXContainerItemProxy */;
		};
/* End PBXTargetDependency section */

/* Begin XCBuildConfiguration section */
		FEE2B1992C1FBBE800B4C4B5 /* Debug */ = {
			isa = XCBuildConfiguration;
			buildSettings = {
				ALWAYS_SEARCH_USER_PATHS = NO;
				ASSETCATALOG_COMPILER_GENERATE_SWIFT_ASSET_SYMBOL_EXTENSIONS = YES;
				CLANG_ANALYZER_NONNULL = YES;
				CLANG_ANALYZER_NUMBER_OBJECT_CONVERSION = YES_AGGRESSIVE;
				CLANG_CXX_LANGUAGE_STANDARD = "gnu++20";
				CLANG_ENABLE_MODULES = YES;
				CLANG_ENABLE_OBJC_ARC = YES;
				CLANG_ENABLE_OBJC_WEAK = YES;
				CLANG_WARN_BLOCK_CAPTURE_AUTORELEASING = YES;
				CLANG_WARN_BOOL_CONVERSION = YES;
				CLANG_WARN_COMMA = YES;
				CLANG_WARN_CONSTANT_CONVERSION = YES;
				CLANG_WARN_DEPRECATED_OBJC_IMPLEMENTATIONS = YES;
				CLANG_WARN_DIRECT_OBJC_ISA_USAGE = YES_ERROR;
				CLANG_WARN_DOCUMENTATION_COMMENTS = YES;
				CLANG_WARN_EMPTY_BODY = YES;
				CLANG_WARN_ENUM_CONVERSION = YES;
				CLANG_WARN_INFINITE_RECURSION = YES;
				CLANG_WARN_INT_CONVERSION = YES;
				CLANG_WARN_NON_LITERAL_NULL_CONVERSION = YES;
				CLANG_WARN_OBJC_IMPLICIT_RETAIN_SELF = YES;
				CLANG_WARN_OBJC_LITERAL_CONVERSION = YES;
				CLANG_WARN_OBJC_ROOT_CLASS = YES_ERROR;
				CLANG_WARN_QUOTED_INCLUDE_IN_FRAMEWORK_HEADER = YES;
				CLANG_WARN_RANGE_LOOP_ANALYSIS = YES;
				CLANG_WARN_STRICT_PROTOTYPES = YES;
				CLANG_WARN_SUSPICIOUS_MOVE = YES;
				CLANG_WARN_UNGUARDED_AVAILABILITY = YES_AGGRESSIVE;
				CLANG_WARN_UNREACHABLE_CODE = YES;
				CLANG_WARN__DUPLICATE_METHOD_MATCH = YES;
				COPY_PHASE_STRIP = NO;
				DEBUG_INFORMATION_FORMAT = dwarf;
				DOCC_EXTRACT_OBJC_INFO_FOR_SWIFT_SYMBOLS = YES;
				DOCC_EXTRACT_SWIFT_INFO_FOR_OBJC_SYMBOLS = YES;
				ENABLE_STRICT_OBJC_MSGSEND = YES;
				ENABLE_TESTABILITY = YES;
				ENABLE_USER_SCRIPT_SANDBOXING = YES;
				GCC_C_LANGUAGE_STANDARD = gnu17;
				GCC_DYNAMIC_NO_PIC = NO;
				GCC_NO_COMMON_BLOCKS = YES;
				GCC_OPTIMIZATION_LEVEL = 0;
				GCC_PREPROCESSOR_DEFINITIONS = (
					"DEBUG=1",
					"$(inherited)",
				);
				GCC_WARN_64_TO_32_BIT_CONVERSION = YES;
				GCC_WARN_ABOUT_RETURN_TYPE = YES_ERROR;
				GCC_WARN_UNDECLARED_SELECTOR = YES;
				GCC_WARN_UNINITIALIZED_AUTOS = YES_AGGRESSIVE;
				GCC_WARN_UNUSED_FUNCTION = YES;
				GCC_WARN_UNUSED_VARIABLE = YES;
				LOCALIZATION_PREFERS_STRING_CATALOGS = YES;
				MTL_ENABLE_DEBUG_INFO = INCLUDE_SOURCE;
				MTL_FAST_MATH = YES;
				ONLY_ACTIVE_ARCH = YES;
				RUN_DOCUMENTATION_COMPILER = YES;
				SWIFT_ACTIVE_COMPILATION_CONDITIONS = "DEBUG $(inherited)";
				SWIFT_OPTIMIZATION_LEVEL = "-Onone";
			};
			name = Debug;
		};
		FEE2B19A2C1FBBE800B4C4B5 /* Release */ = {
			isa = XCBuildConfiguration;
			buildSettings = {
				ALWAYS_SEARCH_USER_PATHS = NO;
				ASSETCATALOG_COMPILER_GENERATE_SWIFT_ASSET_SYMBOL_EXTENSIONS = YES;
				CLANG_ANALYZER_NONNULL = YES;
				CLANG_ANALYZER_NUMBER_OBJECT_CONVERSION = YES_AGGRESSIVE;
				CLANG_CXX_LANGUAGE_STANDARD = "gnu++20";
				CLANG_ENABLE_MODULES = YES;
				CLANG_ENABLE_OBJC_ARC = YES;
				CLANG_ENABLE_OBJC_WEAK = YES;
				CLANG_WARN_BLOCK_CAPTURE_AUTORELEASING = YES;
				CLANG_WARN_BOOL_CONVERSION = YES;
				CLANG_WARN_COMMA = YES;
				CLANG_WARN_CONSTANT_CONVERSION = YES;
				CLANG_WARN_DEPRECATED_OBJC_IMPLEMENTATIONS = YES;
				CLANG_WARN_DIRECT_OBJC_ISA_USAGE = YES_ERROR;
				CLANG_WARN_DOCUMENTATION_COMMENTS = YES;
				CLANG_WARN_EMPTY_BODY = YES;
				CLANG_WARN_ENUM_CONVERSION = YES;
				CLANG_WARN_INFINITE_RECURSION = YES;
				CLANG_WARN_INT_CONVERSION = YES;
				CLANG_WARN_NON_LITERAL_NULL_CONVERSION = YES;
				CLANG_WARN_OBJC_IMPLICIT_RETAIN_SELF = YES;
				CLANG_WARN_OBJC_LITERAL_CONVERSION = YES;
				CLANG_WARN_OBJC_ROOT_CLASS = YES_ERROR;
				CLANG_WARN_QUOTED_INCLUDE_IN_FRAMEWORK_HEADER = YES;
				CLANG_WARN_RANGE_LOOP_ANALYSIS = YES;
				CLANG_WARN_STRICT_PROTOTYPES = YES;
				CLANG_WARN_SUSPICIOUS_MOVE = YES;
				CLANG_WARN_UNGUARDED_AVAILABILITY = YES_AGGRESSIVE;
				CLANG_WARN_UNREACHABLE_CODE = YES;
				CLANG_WARN__DUPLICATE_METHOD_MATCH = YES;
				COPY_PHASE_STRIP = NO;
				DEBUG_INFORMATION_FORMAT = "dwarf-with-dsym";
				DOCC_EXTRACT_OBJC_INFO_FOR_SWIFT_SYMBOLS = YES;
				DOCC_EXTRACT_SWIFT_INFO_FOR_OBJC_SYMBOLS = YES;
				ENABLE_NS_ASSERTIONS = NO;
				ENABLE_STRICT_OBJC_MSGSEND = YES;
				ENABLE_USER_SCRIPT_SANDBOXING = YES;
				GCC_C_LANGUAGE_STANDARD = gnu17;
				GCC_NO_COMMON_BLOCKS = YES;
				GCC_WARN_64_TO_32_BIT_CONVERSION = YES;
				GCC_WARN_ABOUT_RETURN_TYPE = YES_ERROR;
				GCC_WARN_UNDECLARED_SELECTOR = YES;
				GCC_WARN_UNINITIALIZED_AUTOS = YES_AGGRESSIVE;
				GCC_WARN_UNUSED_FUNCTION = YES;
				GCC_WARN_UNUSED_VARIABLE = YES;
				LOCALIZATION_PREFERS_STRING_CATALOGS = YES;
				MTL_ENABLE_DEBUG_INFO = NO;
				MTL_FAST_MATH = YES;
				RUN_DOCUMENTATION_COMPILER = YES;
				SWIFT_COMPILATION_MODE = wholemodule;
			};
			name = Release;
		};
		FEE2B19C2C1FBBE800B4C4B5 /* Debug */ = {
			isa = XCBuildConfiguration;
			buildSettings = {
				ASSETCATALOG_COMPILER_APPICON_NAME = AppIcon;
				ASSETCATALOG_COMPILER_GLOBAL_ACCENT_COLOR_NAME = AccentColor;
				CODE_SIGN_ENTITLEMENTS = MarkdownMadness/MarkdownMadness.entitlements;
				CODE_SIGN_STYLE = Automatic;
				CURRENT_PROJECT_VERSION = 1;
				DEVELOPMENT_ASSET_PATHS = "\"MarkdownMadness/Preview Content\"";
				DOCC_EXTRACT_OBJC_INFO_FOR_SWIFT_SYMBOLS = YES;
				DOCC_EXTRACT_SWIFT_INFO_FOR_OBJC_SYMBOLS = YES;
				ENABLE_PREVIEWS = YES;
				GENERATE_INFOPLIST_FILE = YES;
				"INFOPLIST_KEY_UIApplicationSceneManifest_Generation[sdk=iphoneos*]" = YES;
				"INFOPLIST_KEY_UIApplicationSceneManifest_Generation[sdk=iphonesimulator*]" = YES;
				"INFOPLIST_KEY_UIApplicationSupportsIndirectInputEvents[sdk=iphoneos*]" = YES;
				"INFOPLIST_KEY_UIApplicationSupportsIndirectInputEvents[sdk=iphonesimulator*]" = YES;
				"INFOPLIST_KEY_UILaunchScreen_Generation[sdk=iphoneos*]" = YES;
				"INFOPLIST_KEY_UILaunchScreen_Generation[sdk=iphonesimulator*]" = YES;
				"INFOPLIST_KEY_UIStatusBarStyle[sdk=iphoneos*]" = UIStatusBarStyleDefault;
				"INFOPLIST_KEY_UIStatusBarStyle[sdk=iphonesimulator*]" = UIStatusBarStyleDefault;
				INFOPLIST_KEY_UISupportedInterfaceOrientations_iPad = "UIInterfaceOrientationPortrait UIInterfaceOrientationPortraitUpsideDown UIInterfaceOrientationLandscapeLeft UIInterfaceOrientationLandscapeRight";
				INFOPLIST_KEY_UISupportedInterfaceOrientations_iPhone = "UIInterfaceOrientationPortrait UIInterfaceOrientationLandscapeLeft UIInterfaceOrientationLandscapeRight";
				IPHONEOS_DEPLOYMENT_TARGET = 17.5;
				LD_RUNPATH_SEARCH_PATHS = "@executable_path/Frameworks";
				"LD_RUNPATH_SEARCH_PATHS[sdk=macosx*]" = "@executable_path/../Frameworks";
				MACOSX_DEPLOYMENT_TARGET = 14.5;
				MARKETING_VERSION = 1.0;
				PRODUCT_BUNDLE_IDENTIFIER = net.garyrellis.MarkdownMadness;
				PRODUCT_NAME = "$(TARGET_NAME)";
				RUN_DOCUMENTATION_COMPILER = YES;
				SDKROOT = auto;
				SUPPORTED_PLATFORMS = "iphoneos iphonesimulator macosx";
				SWIFT_EMIT_LOC_STRINGS = YES;
				SWIFT_VERSION = 5.0;
				TARGETED_DEVICE_FAMILY = "1,2";
			};
			name = Debug;
		};
		FEE2B19D2C1FBBE800B4C4B5 /* Release */ = {
			isa = XCBuildConfiguration;
			buildSettings = {
				ASSETCATALOG_COMPILER_APPICON_NAME = AppIcon;
				ASSETCATALOG_COMPILER_GLOBAL_ACCENT_COLOR_NAME = AccentColor;
				CODE_SIGN_ENTITLEMENTS = MarkdownMadness/MarkdownMadness.entitlements;
				CODE_SIGN_STYLE = Automatic;
				CURRENT_PROJECT_VERSION = 1;
				DEVELOPMENT_ASSET_PATHS = "\"MarkdownMadness/Preview Content\"";
				DOCC_EXTRACT_OBJC_INFO_FOR_SWIFT_SYMBOLS = YES;
				DOCC_EXTRACT_SWIFT_INFO_FOR_OBJC_SYMBOLS = YES;
				ENABLE_PREVIEWS = YES;
				GENERATE_INFOPLIST_FILE = YES;
				"INFOPLIST_KEY_UIApplicationSceneManifest_Generation[sdk=iphoneos*]" = YES;
				"INFOPLIST_KEY_UIApplicationSceneManifest_Generation[sdk=iphonesimulator*]" = YES;
				"INFOPLIST_KEY_UIApplicationSupportsIndirectInputEvents[sdk=iphoneos*]" = YES;
				"INFOPLIST_KEY_UIApplicationSupportsIndirectInputEvents[sdk=iphonesimulator*]" = YES;
				"INFOPLIST_KEY_UILaunchScreen_Generation[sdk=iphoneos*]" = YES;
				"INFOPLIST_KEY_UILaunchScreen_Generation[sdk=iphonesimulator*]" = YES;
				"INFOPLIST_KEY_UIStatusBarStyle[sdk=iphoneos*]" = UIStatusBarStyleDefault;
				"INFOPLIST_KEY_UIStatusBarStyle[sdk=iphonesimulator*]" = UIStatusBarStyleDefault;
				INFOPLIST_KEY_UISupportedInterfaceOrientations_iPad = "UIInterfaceOrientationPortrait UIInterfaceOrientationPortraitUpsideDown UIInterfaceOrientationLandscapeLeft UIInterfaceOrientationLandscapeRight";
				INFOPLIST_KEY_UISupportedInterfaceOrientations_iPhone = "UIInterfaceOrientationPortrait UIInterfaceOrientationLandscapeLeft UIInterfaceOrientationLandscapeRight";
				IPHONEOS_DEPLOYMENT_TARGET = 17.5;
				LD_RUNPATH_SEARCH_PATHS = "@executable_path/Frameworks";
				"LD_RUNPATH_SEARCH_PATHS[sdk=macosx*]" = "@executable_path/../Frameworks";
				MACOSX_DEPLOYMENT_TARGET = 14.5;
				MARKETING_VERSION = 1.0;
				PRODUCT_BUNDLE_IDENTIFIER = net.garyrellis.MarkdownMadness;
				PRODUCT_NAME = "$(TARGET_NAME)";
				RUN_DOCUMENTATION_COMPILER = YES;
				SDKROOT = auto;
				SUPPORTED_PLATFORMS = "iphoneos iphonesimulator macosx";
				SWIFT_EMIT_LOC_STRINGS = YES;
				SWIFT_VERSION = 5.0;
				TARGETED_DEVICE_FAMILY = "1,2";
			};
			name = Release;
		};
		FEE2B19F2C1FBBE800B4C4B5 /* Debug */ = {
			isa = XCBuildConfiguration;
			buildSettings = {
				ALWAYS_EMBED_SWIFT_STANDARD_LIBRARIES = YES;
				BUNDLE_LOADER = "$(TEST_HOST)";
				CODE_SIGN_STYLE = Automatic;
				CURRENT_PROJECT_VERSION = 1;
				GENERATE_INFOPLIST_FILE = YES;
				IPHONEOS_DEPLOYMENT_TARGET = 17.5;
				MACOSX_DEPLOYMENT_TARGET = 14.5;
				MARKETING_VERSION = 1.0;
				PRODUCT_BUNDLE_IDENTIFIER = net.garyrellis.MarkdownMadnessTests;
				PRODUCT_NAME = "$(TARGET_NAME)";
				SDKROOT = auto;
				SUPPORTED_PLATFORMS = "iphoneos iphonesimulator macosx";
				SWIFT_EMIT_LOC_STRINGS = NO;
				SWIFT_VERSION = 5.0;
				TARGETED_DEVICE_FAMILY = "1,2";
				TEST_HOST = "$(BUILT_PRODUCTS_DIR)/MarkdownMadness.app/$(BUNDLE_EXECUTABLE_FOLDER_PATH)/MarkdownMadness";
			};
			name = Debug;
		};
		FEE2B1A02C1FBBE800B4C4B5 /* Release */ = {
			isa = XCBuildConfiguration;
			buildSettings = {
				ALWAYS_EMBED_SWIFT_STANDARD_LIBRARIES = YES;
				BUNDLE_LOADER = "$(TEST_HOST)";
				CODE_SIGN_STYLE = Automatic;
				CURRENT_PROJECT_VERSION = 1;
				GENERATE_INFOPLIST_FILE = YES;
				IPHONEOS_DEPLOYMENT_TARGET = 17.5;
				MACOSX_DEPLOYMENT_TARGET = 14.5;
				MARKETING_VERSION = 1.0;
				PRODUCT_BUNDLE_IDENTIFIER = net.garyrellis.MarkdownMadnessTests;
				PRODUCT_NAME = "$(TARGET_NAME)";
				SDKROOT = auto;
				SUPPORTED_PLATFORMS = "iphoneos iphonesimulator macosx";
				SWIFT_EMIT_LOC_STRINGS = NO;
				SWIFT_VERSION = 5.0;
				TARGETED_DEVICE_FAMILY = "1,2";
				TEST_HOST = "$(BUILT_PRODUCTS_DIR)/MarkdownMadness.app/$(BUNDLE_EXECUTABLE_FOLDER_PATH)/MarkdownMadness";
			};
			name = Release;
		};
		FEE2B1A22C1FBBE800B4C4B5 /* Debug */ = {
			isa = XCBuildConfiguration;
			buildSettings = {
				ALWAYS_EMBED_SWIFT_STANDARD_LIBRARIES = YES;
				CODE_SIGN_STYLE = Automatic;
				CURRENT_PROJECT_VERSION = 1;
				GENERATE_INFOPLIST_FILE = YES;
				IPHONEOS_DEPLOYMENT_TARGET = 17.5;
				MACOSX_DEPLOYMENT_TARGET = 14.5;
				MARKETING_VERSION = 1.0;
				PRODUCT_BUNDLE_IDENTIFIER = net.garyrellis.MarkdownMadnessUITests;
				PRODUCT_NAME = "$(TARGET_NAME)";
				SDKROOT = auto;
				SUPPORTED_PLATFORMS = "iphoneos iphonesimulator macosx";
				SWIFT_EMIT_LOC_STRINGS = NO;
				SWIFT_VERSION = 5.0;
				TARGETED_DEVICE_FAMILY = "1,2";
				TEST_TARGET_NAME = MarkdownMadness;
			};
			name = Debug;
		};
		FEE2B1A32C1FBBE800B4C4B5 /* Release */ = {
			isa = XCBuildConfiguration;
			buildSettings = {
				ALWAYS_EMBED_SWIFT_STANDARD_LIBRARIES = YES;
				CODE_SIGN_STYLE = Automatic;
				CURRENT_PROJECT_VERSION = 1;
				GENERATE_INFOPLIST_FILE = YES;
				IPHONEOS_DEPLOYMENT_TARGET = 17.5;
				MACOSX_DEPLOYMENT_TARGET = 14.5;
				MARKETING_VERSION = 1.0;
				PRODUCT_BUNDLE_IDENTIFIER = net.garyrellis.MarkdownMadnessUITests;
				PRODUCT_NAME = "$(TARGET_NAME)";
				SDKROOT = auto;
				SUPPORTED_PLATFORMS = "iphoneos iphonesimulator macosx";
				SWIFT_EMIT_LOC_STRINGS = NO;
				SWIFT_VERSION = 5.0;
				TARGETED_DEVICE_FAMILY = "1,2";
				TEST_TARGET_NAME = MarkdownMadness;
			};
			name = Release;
		};
/* End XCBuildConfiguration section */

/* Begin XCConfigurationList section */
		FEE2B16C2C1FBBE600B4C4B5 /* Build configuration list for PBXProject "MarkdownMadness" */ = {
			isa = XCConfigurationList;
			buildConfigurations = (
				FEE2B1992C1FBBE800B4C4B5 /* Debug */,
				FEE2B19A2C1FBBE800B4C4B5 /* Release */,
			);
			defaultConfigurationIsVisible = 0;
			defaultConfigurationName = Release;
		};
		FEE2B19B2C1FBBE800B4C4B5 /* Build configuration list for PBXNativeTarget "MarkdownMadness" */ = {
			isa = XCConfigurationList;
			buildConfigurations = (
				FEE2B19C2C1FBBE800B4C4B5 /* Debug */,
				FEE2B19D2C1FBBE800B4C4B5 /* Release */,
			);
			defaultConfigurationIsVisible = 0;
			defaultConfigurationName = Release;
		};
		FEE2B19E2C1FBBE800B4C4B5 /* Build configuration list for PBXNativeTarget "MarkdownMadnessTests" */ = {
			isa = XCConfigurationList;
			buildConfigurations = (
				FEE2B19F2C1FBBE800B4C4B5 /* Debug */,
				FEE2B1A02C1FBBE800B4C4B5 /* Release */,
			);
			defaultConfigurationIsVisible = 0;
			defaultConfigurationName = Release;
		};
		FEE2B1A12C1FBBE800B4C4B5 /* Build configuration list for PBXNativeTarget "MarkdownMadnessUITests" */ = {
			isa = XCConfigurationList;
			buildConfigurations = (
				FEE2B1A22C1FBBE800B4C4B5 /* Debug */,
				FEE2B1A32C1FBBE800B4C4B5 /* Release */,
			);
			defaultConfigurationIsVisible = 0;
			defaultConfigurationName = Release;
		};
/* End XCConfigurationList section */

/* Begin XCVersionGroup section */
		FEE2B1782C1FBBE600B4C4B5 /* MarkdownMadness.xcdatamodeld */ = {
			isa = XCVersionGroup;
			children = (
				FEE2B1792C1FBBE600B4C4B5 /* MarkdownMadness.xcdatamodel */,
			);
			currentVersion = FEE2B1792C1FBBE600B4C4B5 /* MarkdownMadness.xcdatamodel */;
			path = MarkdownMadness.xcdatamodeld;
			sourceTree = "<group>";
			versionGroupType = wrapper.xcdatamodel;
		};
/* End XCVersionGroup section */
	};
	rootObject = FEE2B1692C1FBBE600B4C4B5 /* Project object */;
}
